// !$*UTF8*$!
{
	archiveVersion = 1;
	classes = {
	};
	objectVersion = 46;
	objects = {

/* Begin PBXBuildFile section */
		563B39091D5DBB3300C5CF05 /* AppDelegate.swift in Sources */ = {isa = PBXBuildFile; fileRef = 563B39081D5DBB3300C5CF05 /* AppDelegate.swift */; };
		563B390E1D5DBB3300C5CF05 /* Main.storyboard in Resources */ = {isa = PBXBuildFile; fileRef = 563B390C1D5DBB3300C5CF05 /* Main.storyboard */; };
		563B39101D5DBB3300C5CF05 /* Assets.xcassets in Resources */ = {isa = PBXBuildFile; fileRef = 563B390F1D5DBB3300C5CF05 /* Assets.xcassets */; };
		563B39131D5DBB3300C5CF05 /* LaunchScreen.storyboard in Resources */ = {isa = PBXBuildFile; fileRef = 563B39111D5DBB3300C5CF05 /* LaunchScreen.storyboard */; };
		563B391C1D5DBD2E00C5CF05 /* ParkingSpace.swift in Sources */ = {isa = PBXBuildFile; fileRef = 563B391B1D5DBD2E00C5CF05 /* ParkingSpace.swift */; };
		563B391E1D5DBD6300C5CF05 /* UserProfile.swift in Sources */ = {isa = PBXBuildFile; fileRef = 563B391D1D5DBD6300C5CF05 /* UserProfile.swift */; };
		563B39201D5DC38300C5CF05 /* Reservation.swift in Sources */ = {isa = PBXBuildFile; fileRef = 563B391F1D5DC38300C5CF05 /* Reservation.swift */; };
		563B39231D5DE4C900C5CF05 /* SpaceListViewController.swift in Sources */ = {isa = PBXBuildFile; fileRef = 563B39221D5DE4C900C5CF05 /* SpaceListViewController.swift */; };
		563B39251D5DE4DA00C5CF05 /* SpaceItemViewController.swift in Sources */ = {isa = PBXBuildFile; fileRef = 563B39241D5DE4DA00C5CF05 /* SpaceItemViewController.swift */; };
		563B39271D5DE4E600C5CF05 /* LogInViewController.swift in Sources */ = {isa = PBXBuildFile; fileRef = 563B39261D5DE4E600C5CF05 /* LogInViewController.swift */; };
		762547AF63CB3A6BDCE4594A /* Pods_Parkinger_app.framework in Frameworks */ = {isa = PBXBuildFile; fileRef = 0726601D0D75F82E0FB64542 /* Pods_Parkinger_app.framework */; };
/* End PBXBuildFile section */

/* Begin PBXFileReference section */
		0726601D0D75F82E0FB64542 /* Pods_Parkinger_app.framework */ = {isa = PBXFileReference; explicitFileType = wrapper.framework; includeInIndex = 0; path = Pods_Parkinger_app.framework; sourceTree = BUILT_PRODUCTS_DIR; };
		563B39051D5DBB3300C5CF05 /* Parkinger app.app */ = {isa = PBXFileReference; explicitFileType = wrapper.application; includeInIndex = 0; path = "Parkinger app.app"; sourceTree = BUILT_PRODUCTS_DIR; };
		563B39081D5DBB3300C5CF05 /* AppDelegate.swift */ = {isa = PBXFileReference; lastKnownFileType = sourcecode.swift; path = AppDelegate.swift; sourceTree = "<group>"; };
		563B390D1D5DBB3300C5CF05 /* Base */ = {isa = PBXFileReference; lastKnownFileType = file.storyboard; name = Base; path = Base.lproj/Main.storyboard; sourceTree = "<group>"; };
		563B390F1D5DBB3300C5CF05 /* Assets.xcassets */ = {isa = PBXFileReference; lastKnownFileType = folder.assetcatalog; path = Assets.xcassets; sourceTree = "<group>"; };
		563B39121D5DBB3300C5CF05 /* Base */ = {isa = PBXFileReference; lastKnownFileType = file.storyboard; name = Base; path = Base.lproj/LaunchScreen.storyboard; sourceTree = "<group>"; };
		563B39141D5DBB3300C5CF05 /* Info.plist */ = {isa = PBXFileReference; lastKnownFileType = text.plist.xml; path = Info.plist; sourceTree = "<group>"; };
		563B391B1D5DBD2E00C5CF05 /* ParkingSpace.swift */ = {isa = PBXFileReference; fileEncoding = 4; lastKnownFileType = sourcecode.swift; path = ParkingSpace.swift; sourceTree = "<group>"; };
		563B391D1D5DBD6300C5CF05 /* UserProfile.swift */ = {isa = PBXFileReference; fileEncoding = 4; lastKnownFileType = sourcecode.swift; path = UserProfile.swift; sourceTree = "<group>"; };
		563B391F1D5DC38300C5CF05 /* Reservation.swift */ = {isa = PBXFileReference; fileEncoding = 4; lastKnownFileType = sourcecode.swift; path = Reservation.swift; sourceTree = "<group>"; };
		563B39221D5DE4C900C5CF05 /* SpaceListViewController.swift */ = {isa = PBXFileReference; fileEncoding = 4; lastKnownFileType = sourcecode.swift; path = SpaceListViewController.swift; sourceTree = "<group>"; };
		563B39241D5DE4DA00C5CF05 /* SpaceItemViewController.swift */ = {isa = PBXFileReference; fileEncoding = 4; lastKnownFileType = sourcecode.swift; path = SpaceItemViewController.swift; sourceTree = "<group>"; };
		563B39261D5DE4E600C5CF05 /* LogInViewController.swift */ = {isa = PBXFileReference; fileEncoding = 4; lastKnownFileType = sourcecode.swift; path = LogInViewController.swift; sourceTree = "<group>"; };
		DFEF638543D3C1ABA039C166 /* Pods-Parkinger app.release.xcconfig */ = {isa = PBXFileReference; includeInIndex = 1; lastKnownFileType = text.xcconfig; name = "Pods-Parkinger app.release.xcconfig"; path = "Pods/Target Support Files/Pods-Parkinger app/Pods-Parkinger app.release.xcconfig"; sourceTree = "<group>"; };
		F2AD4011A0F5FAE3663C47BC /* Pods-Parkinger app.debug.xcconfig */ = {isa = PBXFileReference; includeInIndex = 1; lastKnownFileType = text.xcconfig; name = "Pods-Parkinger app.debug.xcconfig"; path = "Pods/Target Support Files/Pods-Parkinger app/Pods-Parkinger app.debug.xcconfig"; sourceTree = "<group>"; };
/* End PBXFileReference section */

/* Begin PBXFrameworksBuildPhase section */
		563B39021D5DBB3300C5CF05 /* Frameworks */ = {
			isa = PBXFrameworksBuildPhase;
			buildActionMask = 2147483647;
			files = (
				762547AF63CB3A6BDCE4594A /* Pods_Parkinger_app.framework in Frameworks */,
			);
			runOnlyForDeploymentPostprocessing = 0;
		};
/* End PBXFrameworksBuildPhase section */

/* Begin PBXGroup section */
		222EB0ADD353FD5896233C8A /* Frameworks */ = {
			isa = PBXGroup;
			children = (
				0726601D0D75F82E0FB64542 /* Pods_Parkinger_app.framework */,
			);
			name = Frameworks;
			sourceTree = "<group>";
		};
		563B38FC1D5DBB3300C5CF05 = {
			isa = PBXGroup;
			children = (
				563B39071D5DBB3300C5CF05 /* Parkinger app */,
				563B39061D5DBB3300C5CF05 /* Products */,
				BED45E34B1CC3F64879EFA71 /* Pods */,
				222EB0ADD353FD5896233C8A /* Frameworks */,
			);
			sourceTree = "<group>";
		};
		563B39061D5DBB3300C5CF05 /* Products */ = {
			isa = PBXGroup;
			children = (
				563B39051D5DBB3300C5CF05 /* Parkinger app.app */,
			);
			name = Products;
			sourceTree = "<group>";
		};
		563B39071D5DBB3300C5CF05 /* Parkinger app */ = {
			isa = PBXGroup;
			children = (
				563B391A1D5DBD1100C5CF05 /* Support Files */,
				563B390C1D5DBB3300C5CF05 /* Main.storyboard */,
				563B39211D5DE4A400C5CF05 /* Model */,
				563B39221D5DE4C900C5CF05 /* SpaceListViewController.swift */,
				563B39241D5DE4DA00C5CF05 /* SpaceItemViewController.swift */,
				563B39261D5DE4E600C5CF05 /* LogInViewController.swift */,
			);
			path = "Parkinger app";
			sourceTree = "<group>";
		};
		563B391A1D5DBD1100C5CF05 /* Support Files */ = {
			isa = PBXGroup;
			children = (
				563B39081D5DBB3300C5CF05 /* AppDelegate.swift */,
				563B390F1D5DBB3300C5CF05 /* Assets.xcassets */,
				563B39111D5DBB3300C5CF05 /* LaunchScreen.storyboard */,
				563B39141D5DBB3300C5CF05 /* Info.plist */,
			);
			name = "Support Files";
			sourceTree = "<group>";
		};
		563B39211D5DE4A400C5CF05 /* Model */ = {
			isa = PBXGroup;
			children = (
				563B391B1D5DBD2E00C5CF05 /* ParkingSpace.swift */,
				563B391D1D5DBD6300C5CF05 /* UserProfile.swift */,
				563B391F1D5DC38300C5CF05 /* Reservation.swift */,
			);
			name = Model;
			sourceTree = "<group>";
		};
		BED45E34B1CC3F64879EFA71 /* Pods */ = {
			isa = PBXGroup;
			children = (
				F2AD4011A0F5FAE3663C47BC /* Pods-Parkinger app.debug.xcconfig */,
				DFEF638543D3C1ABA039C166 /* Pods-Parkinger app.release.xcconfig */,
			);
			name = Pods;
			sourceTree = "<group>";
		};
/* End PBXGroup section */

/* Begin PBXNativeTarget section */
		563B39041D5DBB3300C5CF05 /* Parkinger app */ = {
			isa = PBXNativeTarget;
			buildConfigurationList = 563B39171D5DBB3300C5CF05 /* Build configuration list for PBXNativeTarget "Parkinger app" */;
			buildPhases = (
				121CEBA898F26359A2D0F12B /* [CP] Check Pods Manifest.lock */,
				563B39011D5DBB3300C5CF05 /* Sources */,
				563B39021D5DBB3300C5CF05 /* Frameworks */,
				563B39031D5DBB3300C5CF05 /* Resources */,
				008DAABEF3283582BC52F5E2 /* [CP] Embed Pods Frameworks */,
				D8DDD64B9A8843D7A3CADF7D /* [CP] Copy Pods Resources */,
			);
			buildRules = (
			);
			dependencies = (
			);
			name = "Parkinger app";
			productName = "Parkinger app";
			productReference = 563B39051D5DBB3300C5CF05 /* Parkinger app.app */;
			productType = "com.apple.product-type.application";
		};
/* End PBXNativeTarget section */

/* Begin PBXProject section */
		563B38FD1D5DBB3300C5CF05 /* Project object */ = {
			isa = PBXProject;
			attributes = {
				LastSwiftUpdateCheck = 0730;
				LastUpgradeCheck = 0730;
				ORGANIZATIONNAME = Parkinger;
				TargetAttributes = {
					563B39041D5DBB3300C5CF05 = {
						CreatedOnToolsVersion = 7.3.1;
						DevelopmentTeam = 5SYAY97HTZ;
					};
				};
			};
			buildConfigurationList = 563B39001D5DBB3300C5CF05 /* Build configuration list for PBXProject "Parkinger app" */;
			compatibilityVersion = "Xcode 3.2";
			developmentRegion = English;
			hasScannedForEncodings = 0;
			knownRegions = (
				en,
				Base,
			);
			mainGroup = 563B38FC1D5DBB3300C5CF05;
			productRefGroup = 563B39061D5DBB3300C5CF05 /* Products */;
			projectDirPath = "";
			projectRoot = "";
			targets = (
				563B39041D5DBB3300C5CF05 /* Parkinger app */,
			);
		};
/* End PBXProject section */

/* Begin PBXResourcesBuildPhase section */
		563B39031D5DBB3300C5CF05 /* Resources */ = {
			isa = PBXResourcesBuildPhase;
			buildActionMask = 2147483647;
			files = (
				563B39131D5DBB3300C5CF05 /* LaunchScreen.storyboard in Resources */,
				563B39101D5DBB3300C5CF05 /* Assets.xcassets in Resources */,
				563B390E1D5DBB3300C5CF05 /* Main.storyboard in Resources */,
			);
			runOnlyForDeploymentPostprocessing = 0;
		};
/* End PBXResourcesBuildPhase section */

/* Begin PBXShellScriptBuildPhase section */
		008DAABEF3283582BC52F5E2 /* [CP] Embed Pods Frameworks */ = {
			isa = PBXShellScriptBuildPhase;
			buildActionMask = 2147483647;
			files = (
			);
			inputPaths = (
			);
			name = "[CP] Embed Pods Frameworks";
			outputPaths = (
			);
			runOnlyForDeploymentPostprocessing = 0;
			shellPath = /bin/sh;
			shellScript = "\"${SRCROOT}/Pods/Target Support Files/Pods-Parkinger app/Pods-Parkinger app-frameworks.sh\"\n";
			showEnvVarsInLog = 0;
		};
		121CEBA898F26359A2D0F12B /* [CP] Check Pods Manifest.lock */ = {
			isa = PBXShellScriptBuildPhase;
			buildActionMask = 2147483647;
			files = (
			);
			inputPaths = (
			);
			name = "[CP] Check Pods Manifest.lock";
			outputPaths = (
			);
			runOnlyForDeploymentPostprocessing = 0;
			shellPath = /bin/sh;
			shellScript = "diff \"${PODS_ROOT}/../Podfile.lock\" \"${PODS_ROOT}/Manifest.lock\" > /dev/null\nif [[ $? != 0 ]] ; then\n    cat << EOM\nerror: The sandbox is not in sync with the Podfile.lock. Run 'pod install' or update your CocoaPods installation.\nEOM\n    exit 1\nfi\n";
			showEnvVarsInLog = 0;
		};
		D8DDD64B9A8843D7A3CADF7D /* [CP] Copy Pods Resources */ = {
			isa = PBXShellScriptBuildPhase;
			buildActionMask = 2147483647;
			files = (
			);
			inputPaths = (
			);
			name = "[CP] Copy Pods Resources";
			outputPaths = (
			);
			runOnlyForDeploymentPostprocessing = 0;
			shellPath = /bin/sh;
			shellScript = "\"${SRCROOT}/Pods/Target Support Files/Pods-Parkinger app/Pods-Parkinger app-resources.sh\"\n";
			showEnvVarsInLog = 0;
		};
/* End PBXShellScriptBuildPhase section */

/* Begin PBXSourcesBuildPhase section */
		563B39011D5DBB3300C5CF05 /* Sources */ = {
			isa = PBXSourcesBuildPhase;
			buildActionMask = 2147483647;
			files = (
				563B391E1D5DBD6300C5CF05 /* UserProfile.swift in Sources */,
				563B39231D5DE4C900C5CF05 /* SpaceListViewController.swift in Sources */,
				563B39251D5DE4DA00C5CF05 /* SpaceItemViewController.swift in Sources */,
				563B39271D5DE4E600C5CF05 /* LogInViewController.swift in Sources */,
				563B39201D5DC38300C5CF05 /* Reservation.swift in Sources */,
				563B391C1D5DBD2E00C5CF05 /* ParkingSpace.swift in Sources */,
				563B39091D5DBB3300C5CF05 /* AppDelegate.swift in Sources */,
			);
			runOnlyForDeploymentPostprocessing = 0;
		};
/* End PBXSourcesBuildPhase section */

/* Begin PBXVariantGroup section */
		563B390C1D5DBB3300C5CF05 /* Main.storyboard */ = {
			isa = PBXVariantGroup;
			children = (
				563B390D1D5DBB3300C5CF05 /* Base */,
			);
			name = Main.storyboard;
			sourceTree = "<group>";
		};
		563B39111D5DBB3300C5CF05 /* LaunchScreen.storyboard */ = {
			isa = PBXVariantGroup;
			children = (
				563B39121D5DBB3300C5CF05 /* Base */,
			);
			name = LaunchScreen.storyboard;
			sourceTree = "<group>";
		};
/* End PBXVariantGroup section */

/* Begin XCBuildConfiguration section */
		563B39151D5DBB3300C5CF05 /* Debug */ = {
			isa = XCBuildConfiguration;
			buildSettings = {
				ALWAYS_SEARCH_USER_PATHS = NO;
				CLANG_ANALYZER_NONNULL = YES;
				CLANG_CXX_LANGUAGE_STANDARD = "gnu++0x";
				CLANG_CXX_LIBRARY = "libc++";
				CLANG_ENABLE_MODULES = YES;
				CLANG_ENABLE_OBJC_ARC = YES;
				CLANG_WARN_BOOL_CONVERSION = YES;
				CLANG_WARN_CONSTANT_CONVERSION = YES;
				CLANG_WARN_DIRECT_OBJC_ISA_USAGE = YES_ERROR;
				CLANG_WARN_EMPTY_BODY = YES;
				CLANG_WARN_ENUM_CONVERSION = YES;
				CLANG_WARN_INT_CONVERSION = YES;
				CLANG_WARN_OBJC_ROOT_CLASS = YES_ERROR;
				CLANG_WARN_UNREACHABLE_CODE = YES;
				CLANG_WARN__DUPLICATE_METHOD_MATCH = YES;
				"CODE_SIGN_IDENTITY[sdk=iphoneos*]" = "iPhone Developer";
				COPY_PHASE_STRIP = NO;
				DEBUG_INFORMATION_FORMAT = dwarf;
				ENABLE_STRICT_OBJC_MSGSEND = YES;
				ENABLE_TESTABILITY = YES;
				GCC_C_LANGUAGE_STANDARD = gnu99;
				GCC_DYNAMIC_NO_PIC = NO;
				GCC_NO_COMMON_BLOCKS = YES;
				GCC_OPTIMIZATION_LEVEL = 0;
				GCC_PREPROCESSOR_DEFINITIONS = (
					"DEBUG=1",
					"$(inherited)",
				);
				GCC_WARN_64_TO_32_BIT_CONVERSION = YES;
				GCC_WARN_ABOUT_RETURN_TYPE = YES_ERROR;
				GCC_WARN_UNDECLARED_SELECTOR = YES;
				GCC_WARN_UNINITIALIZED_AUTOS = YES_AGGRESSIVE;
				GCC_WARN_UNUSED_FUNCTION = YES;
				GCC_WARN_UNUSED_VARIABLE = YES;
				IPHONEOS_DEPLOYMENT_TARGET = 9.3;
				MTL_ENABLE_DEBUG_INFO = YES;
				ONLY_ACTIVE_ARCH = YES;
				SDKROOT = iphoneos;
				SWIFT_OPTIMIZATION_LEVEL = "-Onone";
			};
			name = Debug;
		};
		563B39161D5DBB3300C5CF05 /* Release */ = {
			isa = XCBuildConfiguration;
			buildSettings = {
				ALWAYS_SEARCH_USER_PATHS = NO;
				CLANG_ANALYZER_NONNULL = YES;
				CLANG_CXX_LANGUAGE_STANDARD = "gnu++0x";
				CLANG_CXX_LIBRARY = "libc++";
				CLANG_ENABLE_MODULES = YES;
				CLANG_ENABLE_OBJC_ARC = YES;
				CLANG_WARN_BOOL_CONVERSION = YES;
				CLANG_WARN_CONSTANT_CONVERSION = YES;
				CLANG_WARN_DIRECT_OBJC_ISA_USAGE = YES_ERROR;
				CLANG_WARN_EMPTY_BODY = YES;
				CLANG_WARN_ENUM_CONVERSION = YES;
				CLANG_WARN_INT_CONVERSION = YES;
				CLANG_WARN_OBJC_ROOT_CLASS = YES_ERROR;
				CLANG_WARN_UNREACHABLE_CODE = YES;
				CLANG_WARN__DUPLICATE_METHOD_MATCH = YES;
				"CODE_SIGN_IDENTITY[sdk=iphoneos*]" = "iPhone Developer";
				COPY_PHASE_STRIP = NO;
				DEBUG_INFORMATION_FORMAT = "dwarf-with-dsym";
				ENABLE_NS_ASSERTIONS = NO;
				ENABLE_STRICT_OBJC_MSGSEND = YES;
				GCC_C_LANGUAGE_STANDARD = gnu99;
				GCC_NO_COMMON_BLOCKS = YES;
				GCC_WARN_64_TO_32_BIT_CONVERSION = YES;
				GCC_WARN_ABOUT_RETURN_TYPE = YES_ERROR;
				GCC_WARN_UNDECLARED_SELECTOR = YES;
				GCC_WARN_UNINITIALIZED_AUTOS = YES_AGGRESSIVE;
				GCC_WARN_UNUSED_FUNCTION = YES;
				GCC_WARN_UNUSED_VARIABLE = YES;
				IPHONEOS_DEPLOYMENT_TARGET = 9.3;
				MTL_ENABLE_DEBUG_INFO = NO;
				SDKROOT = iphoneos;
				VALIDATE_PRODUCT = YES;
			};
			name = Release;
		};
		563B39181D5DBB3300C5CF05 /* Debug */ = {
			isa = XCBuildConfiguration;
			baseConfigurationReference = F2AD4011A0F5FAE3663C47BC /* Pods-Parkinger app.debug.xcconfig */;
			buildSettings = {
				ASSETCATALOG_COMPILER_APPICON_NAME = AppIcon;
				CODE_SIGN_IDENTITY = "iPhone Developer";
				INFOPLIST_FILE = "Parkinger app/Info.plist";
				LD_RUNPATH_SEARCH_PATHS = "$(inherited) @executable_path/Frameworks";
				PRODUCT_BUNDLE_IDENTIFIER = "net.parginer.Parkinger-app";
				PRODUCT_NAME = "$(TARGET_NAME)";
			};
			name = Debug;
		};
		563B39191D5DBB3300C5CF05 /* Release */ = {
			isa = XCBuildConfiguration;
			baseConfigurationReference = DFEF638543D3C1ABA039C166 /* Pods-Parkinger app.release.xcconfig */;
			buildSettings = {
				ASSETCATALOG_COMPILER_APPICON_NAME = AppIcon;
				CODE_SIGN_IDENTITY = "iPhone Developer";
				INFOPLIST_FILE = "Parkinger app/Info.plist";
				LD_RUNPATH_SEARCH_PATHS = "$(inherited) @executable_path/Frameworks";
				PRODUCT_BUNDLE_IDENTIFIER = "net.parginer.Parkinger-app";
				PRODUCT_NAME = "$(TARGET_NAME)";
			};
			name = Release;
		};
/* End XCBuildConfiguration section */

/* Begin XCConfigurationList section */
		563B39001D5DBB3300C5CF05 /* Build configuration list for PBXProject "Parkinger app" */ = {
			isa = XCConfigurationList;
			buildConfigurations = (
				563B39151D5DBB3300C5CF05 /* Debug */,
				563B39161D5DBB3300C5CF05 /* Release */,
			);
			defaultConfigurationIsVisible = 0;
			defaultConfigurationName = Release;
		};
		563B39171D5DBB3300C5CF05 /* Build configuration list for PBXNativeTarget "Parkinger app" */ = {
			isa = XCConfigurationList;
			buildConfigurations = (
				563B39181D5DBB3300C5CF05 /* Debug */,
				563B39191D5DBB3300C5CF05 /* Release */,
			);
			defaultConfigurationIsVisible = 0;
			defaultConfigurationName = Release;
		};
/* End XCConfigurationList section */
	};
	rootObject = 563B38FD1D5DBB3300C5CF05 /* Project object */;
}
